
Microsoft Visual Studio Solution File, Format Version 12.00
# Visual Studio 14
VisualStudioVersion = 14.0.25420.1
MinimumVisualStudioVersion = 10.0.40219.1
Project("{FAE04EC0-301F-11D3-BF4B-00C04F79EFBC}") = "Eticadata.Cust.WebServices", "Eticadata.Cust.WebServices\Eticadata.Cust.WebServices.csproj", "{3208BA22-0C2D-4CE6-8E07-F275B12315DD}"
EndProject
Project("{FAE04EC0-301F-11D3-BF4B-00C04F79EFBC}") = "Eticadata.Cust.DeskTop", "Eticadata.Cust.DeskTop\Eticadata.Cust.DeskTop.csproj", "{A6F088A2-85E2-4ED7-B96C-42B950564E41}"
EndProject
Project("{FAE04EC0-301F-11D3-BF4B-00C04F79EFBC}") = "Eticadata.Cust.Executable", "Eticadata.Cust.Executable\Eticadata.Cust.Executable.csproj", "{A15F5643-4882-4693-B2D8-2DEEEBF8C61A}"
EndProject
Global
	GlobalSection(SolutionConfigurationPlatforms) = preSolution
		Debug|Any CPU = Debug|Any CPU
		Release|Any CPU = Release|Any CPU
	EndGlobalSection
	GlobalSection(ProjectConfigurationPlatforms) = postSolution
		{3208BA22-0C2D-4CE6-8E07-F275B12315DD}.Debug|Any CPU.ActiveCfg = Debug|Any CPU
		{3208BA22-0C2D-4CE6-8E07-F275B12315DD}.Debug|Any CPU.Build.0 = Debug|Any CPU
		{3208BA22-0C2D-4CE6-8E07-F275B12315DD}.Release|Any CPU.ActiveCfg = Release|Any CPU
		{3208BA22-0C2D-4CE6-8E07-F275B12315DD}.Release|Any CPU.Build.0 = Release|Any CPU
		{A6F088A2-85E2-4ED7-B96C-42B950564E41}.Debug|Any CPU.ActiveCfg = Debug|Any CPU
		{A6F088A2-85E2-4ED7-B96C-42B950564E41}.Debug|Any CPU.Build.0 = Debug|Any CPU
		{A6F088A2-85E2-4ED7-B96C-42B950564E41}.Release|Any CPU.ActiveCfg = Release|Any CPU
		{A6F088A2-85E2-4ED7-B96C-42B950564E41}.Release|Any CPU.Build.0 = Release|Any CPU
		{A15F5643-4882-4693-B2D8-2DEEEBF8C61A}.Debug|Any CPU.ActiveCfg = Debug|Any CPU
		{A15F5643-4882-4693-B2D8-2DEEEBF8C61A}.Debug|Any CPU.Build.0 = Debug|Any CPU
		{A15F5643-4882-4693-B2D8-2DEEEBF8C61A}.Release|Any CPU.ActiveCfg = Release|Any CPU
		{A15F5643-4882-4693-B2D8-2DEEEBF8C61A}.Release|Any CPU.Build.0 = Release|Any CPU
	EndGlobalSection
	GlobalSection(SolutionProperties) = preSolution
		HideSolutionNode = FALSE
	EndGlobalSection
	GlobalSection(TeamFoundationVersionControl) = preSolution
		SccNumberOfProjects = 4
		SccEnterpriseProvider = {4CA58AB2-18FA-4F8D-95D4-32DDF27D184C}
		SccTeamFoundationServer = https://eticadata-cust.visualstudio.com/
		SccLocalPath0 = .
		SccProjectUniqueName1 = Eticadata.Cust.WebServices\\Eticadata.Cust.WebServices.csproj
		SccProjectName1 = Eticadata.Cust.WebServices
		SccLocalPath1 = Eticadata.Cust.WebServices
		SccProjectUniqueName2 = Eticadata.Cust.DeskTop\\Eticadata.Cust.DeskTop.csproj
		SccProjectName2 = Eticadata.Cust.DeskTop
		SccLocalPath2 = Eticadata.Cust.DeskTop
		SccProjectUniqueName3 = Eticadata.Cust.Executable\\Eticadata.Cust.Executable.csproj
		SccProjectName3 = Eticadata.Cust.Executable
		SccLocalPath3 = Eticadata.Cust.Executable
	EndGlobalSection
EndGlobal
